
Microsoft Visual Studio Solution File, Format Version 12.00
# Visual Studio Version 16
VisualStudioVersion = 16.0.31019.35
MinimumVisualStudioVersion = 10.0.40219.1
Project("{8BC9CEB8-8B4A-11D0-8D11-00A0C91BC942}") = "BasicLighting", "BasicLighting.vcxproj", "{2B48CE00-AB6C-4421-AE0C-188C1E183BAF}"
EndProject
Global
	GlobalSection(SolutionConfigurationPlatforms) = preSolution
		Debug|x64 = Debug|x64
		Debug|x86 = Debug|x86
		Release|x64 = Release|x64
		Release|x86 = Release|x86
	EndGlobalSection
	GlobalSection(ProjectConfigurationPlatforms) = postSolution
		{2B48CE00-AB6C-4421-AE0C-188C1E183BAF}.Debug|x64.ActiveCfg = Debug|x64
		{2B48CE00-AB6C-4421-AE0C-188C1E183BAF}.Debug|x64.Build.0 = Debug|x64
		{2B48CE00-AB6C-4421-AE0C-188C1E183BAF}.Debug|x86.ActiveCfg = Debug|Win32
		{2B48CE00-AB6C-4421-AE0C-188C1E183BAF}.Debug|x86.Build.0 = Debug|Win32
		{2B48CE00-AB6C-4421-AE0C-188C1E183BAF}.Release|x64.ActiveCfg = Release|x64
		{2B48CE00-AB6C-4421-AE0C-188C1E183BAF}.Release|x64.Build.0 = Release|x64
		{2B48CE00-AB6C-4421-AE0C-188C1E183BAF}.Release|x86.ActiveCfg = Release|Win32
		{2B48CE00-AB6C-4421-AE0C-188C1E183BAF}.Release|x86.Build.0 = Release|Win32
	EndGlobalSection
	GlobalSection(SolutionProperties) = preSolution
		HideSolutionNode = FALSE
	EndGlobalSection
	GlobalSection(ExtensibilityGlobals) = postSolution
		SolutionGuid = {991A9575-9C03-48E7-A525-F22253574C60}
	EndGlobalSection
EndGlobal
